
Microsoft Visual Studio Solution File, Format Version 12.00
# Visual Studio 15
VisualStudioVersion = 15.0.27004.2010
MinimumVisualStudioVersion = 10.0.40219.1
Project("{FAE04EC0-301F-11D3-BF4B-00C04F79EFBC}") = "Redack.DomainLayer", "Redack.DomainLayer\Redack.DomainLayer.csproj", "{24A7BD77-65DB-4BE9-BD2B-DCDA1A4B3E0C}"
EndProject
Project("{FAE04EC0-301F-11D3-BF4B-00C04F79EFBC}") = "Redack.DatabaseLayer", "Redack.DatabaseLayer\Redack.DatabaseLayer.csproj", "{F000CA69-8855-4078-9BDC-1A2FB0C7D0ED}"
EndProject
Project("{FAE04EC0-301F-11D3-BF4B-00C04F79EFBC}") = "Redack.DatabaseLayer.Test", "Redack.DatabaseLayer.Test\Redack.DatabaseLayer.Test.csproj", "{93588A82-B7BE-4732-BC94-0CE12AF37C96}"
EndProject
Project("{FAE04EC0-301F-11D3-BF4B-00C04F79EFBC}") = "Redack.ServiceLayer", "Redack.ServiceLayer\Redack.ServiceLayer.csproj", "{3B68FAE3-84FD-4CE1-8357-9F5A93AB1F34}"
EndProject
Project("{FAE04EC0-301F-11D3-BF4B-00C04F79EFBC}") = "Redack.ServiceLayer.Test", "Redack.ServiceLayer.Test\Redack.ServiceLayer.Test.csproj", "{B4A03248-01D0-4049-B068-E1A0CD4108F3}"
EndProject
Project("{FAE04EC0-301F-11D3-BF4B-00C04F79EFBC}") = "Redack.Test.Lollipop", "Redack.Test.Lollipop\Redack.Test.Lollipop.csproj", "{0D96D605-583F-4531-98B9-298110974B41}"
EndProject
Project("{9A19103F-16F7-4668-BE54-9A1E7A4F7556}") = "Redack.ConsumeLayer", "Redack.ConsumeLayer\Redack.ConsumeLayer.csproj", "{B3E726A9-4EE2-4BD4-97FF-FDBBC75BA076}"
EndProject
Project("{FAE04EC0-301F-11D3-BF4B-00C04F79EFBC}") = "Redack.ConsumeLayer.Test", "Redack.ConsumeLayer.Test\Redack.ConsumeLayer.Test.csproj", "{AF626CE6-5AFD-4FD1-A88A-8478805673B3}"
EndProject
Project("{2150E333-8FDC-42A3-9474-1A3956D46DE8}") = "Solution Items", "Solution Items", "{520AD19D-6C05-4A98-BBBD-81637D587E0A}"
EndProject
Project("{FAE04EC0-301F-11D3-BF4B-00C04F79EFBC}") = "Redacktion", "Redacktion\Redacktion.csproj", "{9FCC9FF8-7795-437C-AF14-E307F42F3B2E}"
	ProjectSection(ProjectDependencies) = postProject
		{24A7BD77-65DB-4BE9-BD2B-DCDA1A4B3E0C} = {24A7BD77-65DB-4BE9-BD2B-DCDA1A4B3E0C}
		{B3E726A9-4EE2-4BD4-97FF-FDBBC75BA076} = {B3E726A9-4EE2-4BD4-97FF-FDBBC75BA076}
	EndProjectSection
EndProject
Project("{FAE04EC0-301F-11D3-BF4B-00C04F79EFBC}") = "Redack.BridgeLayer", "Redack.BridgeLayer\Redack.BridgeLayer.csproj", "{AC1060C9-6816-4B34-ACA5-FB7FBF94AC07}"
EndProject
Global
	GlobalSection(SolutionConfigurationPlatforms) = preSolution
		Debug|Any CPU = Debug|Any CPU
		Debug|ARM = Debug|ARM
		Debug|x64 = Debug|x64
		Debug|x86 = Debug|x86
		Release|Any CPU = Release|Any CPU
		Release|ARM = Release|ARM
		Release|x64 = Release|x64
		Release|x86 = Release|x86
	EndGlobalSection
	GlobalSection(ProjectConfigurationPlatforms) = postSolution
		{24A7BD77-65DB-4BE9-BD2B-DCDA1A4B3E0C}.Debug|Any CPU.ActiveCfg = Debug|Any CPU
		{24A7BD77-65DB-4BE9-BD2B-DCDA1A4B3E0C}.Debug|Any CPU.Build.0 = Debug|Any CPU
		{24A7BD77-65DB-4BE9-BD2B-DCDA1A4B3E0C}.Debug|ARM.ActiveCfg = Debug|Any CPU
		{24A7BD77-65DB-4BE9-BD2B-DCDA1A4B3E0C}.Debug|ARM.Build.0 = Debug|Any CPU
		{24A7BD77-65DB-4BE9-BD2B-DCDA1A4B3E0C}.Debug|x64.ActiveCfg = Debug|Any CPU
		{24A7BD77-65DB-4BE9-BD2B-DCDA1A4B3E0C}.Debug|x64.Build.0 = Debug|Any CPU
		{24A7BD77-65DB-4BE9-BD2B-DCDA1A4B3E0C}.Debug|x86.ActiveCfg = Debug|Any CPU
		{24A7BD77-65DB-4BE9-BD2B-DCDA1A4B3E0C}.Debug|x86.Build.0 = Debug|Any CPU
		{24A7BD77-65DB-4BE9-BD2B-DCDA1A4B3E0C}.Release|Any CPU.ActiveCfg = Release|Any CPU
		{24A7BD77-65DB-4BE9-BD2B-DCDA1A4B3E0C}.Release|Any CPU.Build.0 = Release|Any CPU
		{24A7BD77-65DB-4BE9-BD2B-DCDA1A4B3E0C}.Release|ARM.ActiveCfg = Release|Any CPU
		{24A7BD77-65DB-4BE9-BD2B-DCDA1A4B3E0C}.Release|ARM.Build.0 = Release|Any CPU
		{24A7BD77-65DB-4BE9-BD2B-DCDA1A4B3E0C}.Release|x64.ActiveCfg = Release|Any CPU
		{24A7BD77-65DB-4BE9-BD2B-DCDA1A4B3E0C}.Release|x64.Build.0 = Release|Any CPU
		{24A7BD77-65DB-4BE9-BD2B-DCDA1A4B3E0C}.Release|x86.ActiveCfg = Release|Any CPU
		{24A7BD77-65DB-4BE9-BD2B-DCDA1A4B3E0C}.Release|x86.Build.0 = Release|Any CPU
		{F000CA69-8855-4078-9BDC-1A2FB0C7D0ED}.Debug|Any CPU.ActiveCfg = Debug|Any CPU
		{F000CA69-8855-4078-9BDC-1A2FB0C7D0ED}.Debug|Any CPU.Build.0 = Debug|Any CPU
		{F000CA69-8855-4078-9BDC-1A2FB0C7D0ED}.Debug|ARM.ActiveCfg = Debug|Any CPU
		{F000CA69-8855-4078-9BDC-1A2FB0C7D0ED}.Debug|ARM.Build.0 = Debug|Any CPU
		{F000CA69-8855-4078-9BDC-1A2FB0C7D0ED}.Debug|x64.ActiveCfg = Debug|Any CPU
		{F000CA69-8855-4078-9BDC-1A2FB0C7D0ED}.Debug|x64.Build.0 = Debug|Any CPU
		{F000CA69-8855-4078-9BDC-1A2FB0C7D0ED}.Debug|x86.ActiveCfg = Debug|Any CPU
		{F000CA69-8855-4078-9BDC-1A2FB0C7D0ED}.Debug|x86.Build.0 = Debug|Any CPU
		{F000CA69-8855-4078-9BDC-1A2FB0C7D0ED}.Release|Any CPU.ActiveCfg = Release|Any CPU
		{F000CA69-8855-4078-9BDC-1A2FB0C7D0ED}.Release|Any CPU.Build.0 = Release|Any CPU
		{F000CA69-8855-4078-9BDC-1A2FB0C7D0ED}.Release|ARM.ActiveCfg = Release|Any CPU
		{F000CA69-8855-4078-9BDC-1A2FB0C7D0ED}.Release|ARM.Build.0 = Release|Any CPU
		{F000CA69-8855-4078-9BDC-1A2FB0C7D0ED}.Release|x64.ActiveCfg = Release|Any CPU
		{F000CA69-8855-4078-9BDC-1A2FB0C7D0ED}.Release|x64.Build.0 = Release|Any CPU
		{F000CA69-8855-4078-9BDC-1A2FB0C7D0ED}.Release|x86.ActiveCfg = Release|Any CPU
		{F000CA69-8855-4078-9BDC-1A2FB0C7D0ED}.Release|x86.Build.0 = Release|Any CPU
		{93588A82-B7BE-4732-BC94-0CE12AF37C96}.Debug|Any CPU.ActiveCfg = Debug|Any CPU
		{93588A82-B7BE-4732-BC94-0CE12AF37C96}.Debug|Any CPU.Build.0 = Debug|Any CPU
		{93588A82-B7BE-4732-BC94-0CE12AF37C96}.Debug|ARM.ActiveCfg = Debug|Any CPU
		{93588A82-B7BE-4732-BC94-0CE12AF37C96}.Debug|ARM.Build.0 = Debug|Any CPU
		{93588A82-B7BE-4732-BC94-0CE12AF37C96}.Debug|x64.ActiveCfg = Debug|Any CPU
		{93588A82-B7BE-4732-BC94-0CE12AF37C96}.Debug|x64.Build.0 = Debug|Any CPU
		{93588A82-B7BE-4732-BC94-0CE12AF37C96}.Debug|x86.ActiveCfg = Debug|Any CPU
		{93588A82-B7BE-4732-BC94-0CE12AF37C96}.Debug|x86.Build.0 = Debug|Any CPU
		{93588A82-B7BE-4732-BC94-0CE12AF37C96}.Release|Any CPU.ActiveCfg = Release|Any CPU
		{93588A82-B7BE-4732-BC94-0CE12AF37C96}.Release|ARM.ActiveCfg = Release|Any CPU
		{93588A82-B7BE-4732-BC94-0CE12AF37C96}.Release|ARM.Build.0 = Release|Any CPU
		{93588A82-B7BE-4732-BC94-0CE12AF37C96}.Release|x64.ActiveCfg = Release|Any CPU
		{93588A82-B7BE-4732-BC94-0CE12AF37C96}.Release|x64.Build.0 = Release|Any CPU
		{93588A82-B7BE-4732-BC94-0CE12AF37C96}.Release|x86.ActiveCfg = Release|Any CPU
		{93588A82-B7BE-4732-BC94-0CE12AF37C96}.Release|x86.Build.0 = Release|Any CPU
		{3B68FAE3-84FD-4CE1-8357-9F5A93AB1F34}.Debug|Any CPU.ActiveCfg = Debug|Any CPU
		{3B68FAE3-84FD-4CE1-8357-9F5A93AB1F34}.Debug|Any CPU.Build.0 = Debug|Any CPU
		{3B68FAE3-84FD-4CE1-8357-9F5A93AB1F34}.Debug|ARM.ActiveCfg = Debug|Any CPU
		{3B68FAE3-84FD-4CE1-8357-9F5A93AB1F34}.Debug|ARM.Build.0 = Debug|Any CPU
		{3B68FAE3-84FD-4CE1-8357-9F5A93AB1F34}.Debug|x64.ActiveCfg = Debug|Any CPU
		{3B68FAE3-84FD-4CE1-8357-9F5A93AB1F34}.Debug|x64.Build.0 = Debug|Any CPU
		{3B68FAE3-84FD-4CE1-8357-9F5A93AB1F34}.Debug|x86.ActiveCfg = Debug|Any CPU
		{3B68FAE3-84FD-4CE1-8357-9F5A93AB1F34}.Debug|x86.Build.0 = Debug|Any CPU
		{3B68FAE3-84FD-4CE1-8357-9F5A93AB1F34}.Release|Any CPU.ActiveCfg = Release|Any CPU
		{3B68FAE3-84FD-4CE1-8357-9F5A93AB1F34}.Release|Any CPU.Build.0 = Release|Any CPU
		{3B68FAE3-84FD-4CE1-8357-9F5A93AB1F34}.Release|ARM.ActiveCfg = Release|Any CPU
		{3B68FAE3-84FD-4CE1-8357-9F5A93AB1F34}.Release|ARM.Build.0 = Release|Any CPU
		{3B68FAE3-84FD-4CE1-8357-9F5A93AB1F34}.Release|x64.ActiveCfg = Release|Any CPU
		{3B68FAE3-84FD-4CE1-8357-9F5A93AB1F34}.Release|x64.Build.0 = Release|Any CPU
		{3B68FAE3-84FD-4CE1-8357-9F5A93AB1F34}.Release|x86.ActiveCfg = Release|Any CPU
		{3B68FAE3-84FD-4CE1-8357-9F5A93AB1F34}.Release|x86.Build.0 = Release|Any CPU
		{B4A03248-01D0-4049-B068-E1A0CD4108F3}.Debug|Any CPU.ActiveCfg = Debug|Any CPU
		{B4A03248-01D0-4049-B068-E1A0CD4108F3}.Debug|Any CPU.Build.0 = Debug|Any CPU
		{B4A03248-01D0-4049-B068-E1A0CD4108F3}.Debug|ARM.ActiveCfg = Debug|Any CPU
		{B4A03248-01D0-4049-B068-E1A0CD4108F3}.Debug|ARM.Build.0 = Debug|Any CPU
		{B4A03248-01D0-4049-B068-E1A0CD4108F3}.Debug|x64.ActiveCfg = Debug|Any CPU
		{B4A03248-01D0-4049-B068-E1A0CD4108F3}.Debug|x64.Build.0 = Debug|Any CPU
		{B4A03248-01D0-4049-B068-E1A0CD4108F3}.Debug|x86.ActiveCfg = Debug|Any CPU
		{B4A03248-01D0-4049-B068-E1A0CD4108F3}.Debug|x86.Build.0 = Debug|Any CPU
		{B4A03248-01D0-4049-B068-E1A0CD4108F3}.Release|Any CPU.ActiveCfg = Release|Any CPU
		{B4A03248-01D0-4049-B068-E1A0CD4108F3}.Release|ARM.ActiveCfg = Release|Any CPU
		{B4A03248-01D0-4049-B068-E1A0CD4108F3}.Release|ARM.Build.0 = Release|Any CPU
		{B4A03248-01D0-4049-B068-E1A0CD4108F3}.Release|x64.ActiveCfg = Release|Any CPU
		{B4A03248-01D0-4049-B068-E1A0CD4108F3}.Release|x64.Build.0 = Release|Any CPU
		{B4A03248-01D0-4049-B068-E1A0CD4108F3}.Release|x86.ActiveCfg = Release|Any CPU
		{B4A03248-01D0-4049-B068-E1A0CD4108F3}.Release|x86.Build.0 = Release|Any CPU
		{0D96D605-583F-4531-98B9-298110974B41}.Debug|Any CPU.ActiveCfg = Debug|Any CPU
		{0D96D605-583F-4531-98B9-298110974B41}.Debug|Any CPU.Build.0 = Debug|Any CPU
		{0D96D605-583F-4531-98B9-298110974B41}.Debug|ARM.ActiveCfg = Debug|Any CPU
		{0D96D605-583F-4531-98B9-298110974B41}.Debug|ARM.Build.0 = Debug|Any CPU
		{0D96D605-583F-4531-98B9-298110974B41}.Debug|x64.ActiveCfg = Debug|Any CPU
		{0D96D605-583F-4531-98B9-298110974B41}.Debug|x64.Build.0 = Debug|Any CPU
		{0D96D605-583F-4531-98B9-298110974B41}.Debug|x86.ActiveCfg = Debug|Any CPU
		{0D96D605-583F-4531-98B9-298110974B41}.Debug|x86.Build.0 = Debug|Any CPU
		{0D96D605-583F-4531-98B9-298110974B41}.Release|Any CPU.ActiveCfg = Release|Any CPU
		{0D96D605-583F-4531-98B9-298110974B41}.Release|ARM.ActiveCfg = Release|Any CPU
		{0D96D605-583F-4531-98B9-298110974B41}.Release|ARM.Build.0 = Release|Any CPU
		{0D96D605-583F-4531-98B9-298110974B41}.Release|x64.ActiveCfg = Release|Any CPU
		{0D96D605-583F-4531-98B9-298110974B41}.Release|x64.Build.0 = Release|Any CPU
		{0D96D605-583F-4531-98B9-298110974B41}.Release|x86.ActiveCfg = Release|Any CPU
		{0D96D605-583F-4531-98B9-298110974B41}.Release|x86.Build.0 = Release|Any CPU
		{B3E726A9-4EE2-4BD4-97FF-FDBBC75BA076}.Debug|Any CPU.ActiveCfg = Debug|Any CPU
		{B3E726A9-4EE2-4BD4-97FF-FDBBC75BA076}.Debug|Any CPU.Build.0 = Debug|Any CPU
		{B3E726A9-4EE2-4BD4-97FF-FDBBC75BA076}.Debug|ARM.ActiveCfg = Debug|Any CPU
		{B3E726A9-4EE2-4BD4-97FF-FDBBC75BA076}.Debug|ARM.Build.0 = Debug|Any CPU
		{B3E726A9-4EE2-4BD4-97FF-FDBBC75BA076}.Debug|x64.ActiveCfg = Debug|Any CPU
		{B3E726A9-4EE2-4BD4-97FF-FDBBC75BA076}.Debug|x64.Build.0 = Debug|Any CPU
		{B3E726A9-4EE2-4BD4-97FF-FDBBC75BA076}.Debug|x86.ActiveCfg = Debug|Any CPU
		{B3E726A9-4EE2-4BD4-97FF-FDBBC75BA076}.Debug|x86.Build.0 = Debug|Any CPU
		{B3E726A9-4EE2-4BD4-97FF-FDBBC75BA076}.Release|Any CPU.ActiveCfg = Release|Any CPU
		{B3E726A9-4EE2-4BD4-97FF-FDBBC75BA076}.Release|Any CPU.Build.0 = Release|Any CPU
		{B3E726A9-4EE2-4BD4-97FF-FDBBC75BA076}.Release|ARM.ActiveCfg = Release|Any CPU
		{B3E726A9-4EE2-4BD4-97FF-FDBBC75BA076}.Release|ARM.Build.0 = Release|Any CPU
		{B3E726A9-4EE2-4BD4-97FF-FDBBC75BA076}.Release|x64.ActiveCfg = Release|Any CPU
		{B3E726A9-4EE2-4BD4-97FF-FDBBC75BA076}.Release|x64.Build.0 = Release|Any CPU
		{B3E726A9-4EE2-4BD4-97FF-FDBBC75BA076}.Release|x86.ActiveCfg = Release|Any CPU
		{B3E726A9-4EE2-4BD4-97FF-FDBBC75BA076}.Release|x86.Build.0 = Release|Any CPU
		{AF626CE6-5AFD-4FD1-A88A-8478805673B3}.Debug|Any CPU.ActiveCfg = Debug|Any CPU
		{AF626CE6-5AFD-4FD1-A88A-8478805673B3}.Debug|Any CPU.Build.0 = Debug|Any CPU
		{AF626CE6-5AFD-4FD1-A88A-8478805673B3}.Debug|ARM.ActiveCfg = Debug|Any CPU
		{AF626CE6-5AFD-4FD1-A88A-8478805673B3}.Debug|ARM.Build.0 = Debug|Any CPU
		{AF626CE6-5AFD-4FD1-A88A-8478805673B3}.Debug|x64.ActiveCfg = Debug|Any CPU
		{AF626CE6-5AFD-4FD1-A88A-8478805673B3}.Debug|x64.Build.0 = Debug|Any CPU
		{AF626CE6-5AFD-4FD1-A88A-8478805673B3}.Debug|x86.ActiveCfg = Debug|Any CPU
		{AF626CE6-5AFD-4FD1-A88A-8478805673B3}.Debug|x86.Build.0 = Debug|Any CPU
		{AF626CE6-5AFD-4FD1-A88A-8478805673B3}.Release|Any CPU.ActiveCfg = Release|Any CPU
		{AF626CE6-5AFD-4FD1-A88A-8478805673B3}.Release|ARM.ActiveCfg = Release|Any CPU
		{AF626CE6-5AFD-4FD1-A88A-8478805673B3}.Release|ARM.Build.0 = Release|Any CPU
		{AF626CE6-5AFD-4FD1-A88A-8478805673B3}.Release|x64.ActiveCfg = Release|Any CPU
		{AF626CE6-5AFD-4FD1-A88A-8478805673B3}.Release|x64.Build.0 = Release|Any CPU
		{AF626CE6-5AFD-4FD1-A88A-8478805673B3}.Release|x86.ActiveCfg = Release|Any CPU
		{AF626CE6-5AFD-4FD1-A88A-8478805673B3}.Release|x86.Build.0 = Release|Any CPU
		{9FCC9FF8-7795-437C-AF14-E307F42F3B2E}.Debug|Any CPU.ActiveCfg = Debug|x64
		{9FCC9FF8-7795-437C-AF14-E307F42F3B2E}.Debug|Any CPU.Build.0 = Debug|x64
		{9FCC9FF8-7795-437C-AF14-E307F42F3B2E}.Debug|Any CPU.Deploy.0 = Debug|x64
		{9FCC9FF8-7795-437C-AF14-E307F42F3B2E}.Debug|ARM.ActiveCfg = Debug|ARM
		{9FCC9FF8-7795-437C-AF14-E307F42F3B2E}.Debug|ARM.Build.0 = Debug|ARM
		{9FCC9FF8-7795-437C-AF14-E307F42F3B2E}.Debug|ARM.Deploy.0 = Debug|ARM
		{9FCC9FF8-7795-437C-AF14-E307F42F3B2E}.Debug|x64.ActiveCfg = Debug|x64
		{9FCC9FF8-7795-437C-AF14-E307F42F3B2E}.Debug|x64.Build.0 = Debug|x64
		{9FCC9FF8-7795-437C-AF14-E307F42F3B2E}.Debug|x64.Deploy.0 = Debug|x64
		{9FCC9FF8-7795-437C-AF14-E307F42F3B2E}.Debug|x86.ActiveCfg = Debug|x86
		{9FCC9FF8-7795-437C-AF14-E307F42F3B2E}.Debug|x86.Build.0 = Debug|x86
		{9FCC9FF8-7795-437C-AF14-E307F42F3B2E}.Debug|x86.Deploy.0 = Debug|x86
		{9FCC9FF8-7795-437C-AF14-E307F42F3B2E}.Release|Any CPU.ActiveCfg = Release|x64
		{9FCC9FF8-7795-437C-AF14-E307F42F3B2E}.Release|Any CPU.Build.0 = Release|x64
		{9FCC9FF8-7795-437C-AF14-E307F42F3B2E}.Release|Any CPU.Deploy.0 = Release|x64
		{9FCC9FF8-7795-437C-AF14-E307F42F3B2E}.Release|ARM.ActiveCfg = Release|ARM
		{9FCC9FF8-7795-437C-AF14-E307F42F3B2E}.Release|ARM.Build.0 = Release|ARM
		{9FCC9FF8-7795-437C-AF14-E307F42F3B2E}.Release|ARM.Deploy.0 = Release|ARM
		{9FCC9FF8-7795-437C-AF14-E307F42F3B2E}.Release|x64.ActiveCfg = Release|x64
		{9FCC9FF8-7795-437C-AF14-E307F42F3B2E}.Release|x64.Build.0 = Release|x64
		{9FCC9FF8-7795-437C-AF14-E307F42F3B2E}.Release|x64.Deploy.0 = Release|x64
		{9FCC9FF8-7795-437C-AF14-E307F42F3B2E}.Release|x86.ActiveCfg = Release|x86
		{9FCC9FF8-7795-437C-AF14-E307F42F3B2E}.Release|x86.Build.0 = Release|x86
		{9FCC9FF8-7795-437C-AF14-E307F42F3B2E}.Release|x86.Deploy.0 = Release|x86
		{AC1060C9-6816-4B34-ACA5-FB7FBF94AC07}.Debug|Any CPU.ActiveCfg = Debug|Any CPU
		{AC1060C9-6816-4B34-ACA5-FB7FBF94AC07}.Debug|Any CPU.Build.0 = Debug|Any CPU
		{AC1060C9-6816-4B34-ACA5-FB7FBF94AC07}.Debug|ARM.ActiveCfg = Debug|Any CPU
		{AC1060C9-6816-4B34-ACA5-FB7FBF94AC07}.Debug|ARM.Build.0 = Debug|Any CPU
		{AC1060C9-6816-4B34-ACA5-FB7FBF94AC07}.Debug|x64.ActiveCfg = Debug|Any CPU
		{AC1060C9-6816-4B34-ACA5-FB7FBF94AC07}.Debug|x64.Build.0 = Debug|Any CPU
		{AC1060C9-6816-4B34-ACA5-FB7FBF94AC07}.Debug|x86.ActiveCfg = Debug|Any CPU
		{AC1060C9-6816-4B34-ACA5-FB7FBF94AC07}.Debug|x86.Build.0 = Debug|Any CPU
		{AC1060C9-6816-4B34-ACA5-FB7FBF94AC07}.Release|Any CPU.ActiveCfg = Release|Any CPU
		{AC1060C9-6816-4B34-ACA5-FB7FBF94AC07}.Release|Any CPU.Build.0 = Release|Any CPU
		{AC1060C9-6816-4B34-ACA5-FB7FBF94AC07}.Release|ARM.ActiveCfg = Release|Any CPU
		{AC1060C9-6816-4B34-ACA5-FB7FBF94AC07}.Release|ARM.Build.0 = Release|Any CPU
		{AC1060C9-6816-4B34-ACA5-FB7FBF94AC07}.Release|x64.ActiveCfg = Release|Any CPU
		{AC1060C9-6816-4B34-ACA5-FB7FBF94AC07}.Release|x64.Build.0 = Release|Any CPU
		{AC1060C9-6816-4B34-ACA5-FB7FBF94AC07}.Release|x86.ActiveCfg = Release|Any CPU
		{AC1060C9-6816-4B34-ACA5-FB7FBF94AC07}.Release|x86.Build.0 = Release|Any CPU
	EndGlobalSection
	GlobalSection(SolutionProperties) = preSolution
		HideSolutionNode = FALSE
	EndGlobalSection
	GlobalSection(ExtensibilityGlobals) = postSolution
		SolutionGuid = {162F154E-023C-42E5-BC38-29218CC42540}
	EndGlobalSection
EndGlobal
